
Microsoft Visual Studio Solution File, Format Version 12.00
# Visual Studio Version 17
VisualStudioVersion = 17.9.34728.123
MinimumVisualStudioVersion = 10.0.40219.1
Project("{FAE04EC0-301F-11D3-BF4B-00C04F79EFBC}") = "PracticWeb", "PracticWeb.csproj", "{7568EAEA-52A1-415C-B0B3-39CBC8A0E66A}"
EndProject
Global
	GlobalSection(SolutionConfigurationPlatforms) = preSolution
		Debug|Any CPU = Debug|Any CPU
		Release|Any CPU = Release|Any CPU
	EndGlobalSection
	GlobalSection(ProjectConfigurationPlatforms) = postSolution
		{7568EAEA-52A1-415C-B0B3-39CBC8A0E66A}.Debug|Any CPU.ActiveCfg = Debug|Any CPU
		{7568EAEA-52A1-415C-B0B3-39CBC8A0E66A}.Debug|Any CPU.Build.0 = Debug|Any CPU
		{7568EAEA-52A1-415C-B0B3-39CBC8A0E66A}.Release|Any CPU.ActiveCfg = Release|Any CPU
		{7568EAEA-52A1-415C-B0B3-39CBC8A0E66A}.Release|Any CPU.Build.0 = Release|Any CPU
	EndGlobalSection
	GlobalSection(SolutionProperties) = preSolution
		HideSolutionNode = FALSE
	EndGlobalSection
	GlobalSection(ExtensibilityGlobals) = postSolution
		SolutionGuid = {9E210DE1-2EB3-4680-B1F4-0B84C1771C84}
	EndGlobalSection
EndGlobal
